// !$*UTF8*$!
{
	archiveVersion = 1;
	classes = {
	};
	objectVersion = 46;
	objects = {

/* Begin PBXBuildFile section */
		B4275CED19E6A28500CBAD47 /* main.cpp in Sources */ = {isa = PBXBuildFile; fileRef = B4275CEC19E6A28500CBAD47 /* main.cpp */; };
		B4275CF419E6A4AD00CBAD47 /* GLUT.framework in Frameworks */ = {isa = PBXBuildFile; fileRef = B4275CF319E6A4AD00CBAD47 /* GLUT.framework */; };
		B4275CF619E6A4B800CBAD47 /* OpenGL.framework in Frameworks */ = {isa = PBXBuildFile; fileRef = B4275CF519E6A4B800CBAD47 /* OpenGL.framework */; };
		B4275CFA19E6B32F00CBAD47 /* Display.cpp in Sources */ = {isa = PBXBuildFile; fileRef = B4275CF919E6B32F00CBAD47 /* Display.cpp */; };
		B4275CFD19E6B37800CBAD47 /* BasicGeom.cpp in Sources */ = {isa = PBXBuildFile; fileRef = B4275CFB19E6B37800CBAD47 /* BasicGeom.cpp */; };
		B4A954A519F4F5DC0085AE6D /* Obj.cpp in Sources */ = {isa = PBXBuildFile; fileRef = B4A954A319F4F5DC0085AE6D /* Obj.cpp */; };
/* End PBXBuildFile section */

/* Begin PBXCopyFilesBuildPhase section */
		B4275CE719E6A28500CBAD47 /* CopyFiles */ = {
			isa = PBXCopyFilesBuildPhase;
			buildActionMask = 2147483647;
			dstPath = /usr/share/man/man1/;
			dstSubfolderSpec = 0;
			files = (
			);
			runOnlyForDeploymentPostprocessing = 1;
		};
/* End PBXCopyFilesBuildPhase section */

/* Begin PBXFileReference section */
		B4275CE919E6A28500CBAD47 /* sample */ = {isa = PBXFileReference; explicitFileType = "compiled.mach-o.executable"; includeInIndex = 0; path = sample; sourceTree = BUILT_PRODUCTS_DIR; };
		B4275CEC19E6A28500CBAD47 /* main.cpp */ = {isa = PBXFileReference; lastKnownFileType = sourcecode.cpp.cpp; path = main.cpp; sourceTree = "<group>"; };
		B4275CF319E6A4AD00CBAD47 /* GLUT.framework */ = {isa = PBXFileReference; lastKnownFileType = wrapper.framework; name = GLUT.framework; path = System/Library/Frameworks/GLUT.framework; sourceTree = SDKROOT; };
		B4275CF519E6A4B800CBAD47 /* OpenGL.framework */ = {isa = PBXFileReference; lastKnownFileType = wrapper.framework; name = OpenGL.framework; path = System/Library/Frameworks/OpenGL.framework; sourceTree = SDKROOT; };
		B4275CF819E6B29900CBAD47 /* BasicDef.h */ = {isa = PBXFileReference; lastKnownFileType = sourcecode.c.h; path = BasicDef.h; sourceTree = "<group>"; };
		B4275CF919E6B32F00CBAD47 /* Display.cpp */ = {isa = PBXFileReference; fileEncoding = 4; lastKnownFileType = sourcecode.cpp.cpp; path = Display.cpp; sourceTree = "<group>"; };
		B4275CFB19E6B37800CBAD47 /* BasicGeom.cpp */ = {isa = PBXFileReference; fileEncoding = 4; lastKnownFileType = sourcecode.cpp.cpp; path = BasicGeom.cpp; sourceTree = "<group>"; };
		B4A954A319F4F5DC0085AE6D /* Obj.cpp */ = {isa = PBXFileReference; fileEncoding = 4; lastKnownFileType = sourcecode.cpp.cpp; path = Obj.cpp; sourceTree = "<group>"; };
		B4A954A419F4F5DC0085AE6D /* Obj.h */ = {isa = PBXFileReference; fileEncoding = 4; lastKnownFileType = sourcecode.c.h; path = Obj.h; sourceTree = "<group>"; };
		B4A954A619F4F7EA0085AE6D /* bunny_s.obj */ = {isa = PBXFileReference; fileEncoding = 4; lastKnownFileType = text; path = bunny_s.obj; sourceTree = "<group>"; };
/* End PBXFileReference section */

/* Begin PBXFrameworksBuildPhase section */
		B4275CE619E6A28500CBAD47 /* Frameworks */ = {
			isa = PBXFrameworksBuildPhase;
			buildActionMask = 2147483647;
			files = (
				B4275CF619E6A4B800CBAD47 /* OpenGL.framework in Frameworks */,
				B4275CF419E6A4AD00CBAD47 /* GLUT.framework in Frameworks */,
			);
			runOnlyForDeploymentPostprocessing = 0;
		};
/* End PBXFrameworksBuildPhase section */

/* Begin PBXGroup section */
		B4275CE019E6A28500CBAD47 = {
			isa = PBXGroup;
			children = (
				B4275CF519E6A4B800CBAD47 /* OpenGL.framework */,
				B4275CF319E6A4AD00CBAD47 /* GLUT.framework */,
				B4275CEB19E6A28500CBAD47 /* sample */,
				B4275CEA19E6A28500CBAD47 /* Products */,
			);
			sourceTree = "<group>";
		};
		B4275CEA19E6A28500CBAD47 /* Products */ = {
			isa = PBXGroup;
			children = (
				B4275CE919E6A28500CBAD47 /* sample */,
			);
			name = Products;
			sourceTree = "<group>";
		};
		B4275CEB19E6A28500CBAD47 /* sample */ = {
			isa = PBXGroup;
			children = (
				B4A954A619F4F7EA0085AE6D /* bunny_s.obj */,
				B4A954A319F4F5DC0085AE6D /* Obj.cpp */,
				B4A954A419F4F5DC0085AE6D /* Obj.h */,
				B4275CEC19E6A28500CBAD47 /* main.cpp */,
				B4275CFB19E6B37800CBAD47 /* BasicGeom.cpp */,
				B4275CF919E6B32F00CBAD47 /* Display.cpp */,
				B4275CF819E6B29900CBAD47 /* BasicDef.h */,
			);
			path = sample;
			sourceTree = "<group>";
		};
/* End PBXGroup section */

/* Begin PBXNativeTarget section */
		B4275CE819E6A28500CBAD47 /* sample */ = {
			isa = PBXNativeTarget;
			buildConfigurationList = B4275CF019E6A28500CBAD47 /* Build configuration list for PBXNativeTarget "sample" */;
			buildPhases = (
				B4275CE519E6A28500CBAD47 /* Sources */,
				B4275CE619E6A28500CBAD47 /* Frameworks */,
				B4275CE719E6A28500CBAD47 /* CopyFiles */,
			);
			buildRules = (
			);
			dependencies = (
			);
			name = sample;
			productName = sample;
			productReference = B4275CE919E6A28500CBAD47 /* sample */;
			productType = "com.apple.product-type.tool";
		};
/* End PBXNativeTarget section */

/* Begin PBXProject section */
		B4275CE119E6A28500CBAD47 /* Project object */ = {
			isa = PBXProject;
			attributes = {
				LastUpgradeCheck = 0600;
				ORGANIZATIONNAME = "Kanamaru Shuya";
				TargetAttributes = {
					B4275CE819E6A28500CBAD47 = {
						CreatedOnToolsVersion = 6.0.1;
					};
				};
			};
			buildConfigurationList = B4275CE419E6A28500CBAD47 /* Build configuration list for PBXProject "sample" */;
			compatibilityVersion = "Xcode 3.2";
			developmentRegion = English;
			hasScannedForEncodings = 0;
			knownRegions = (
				en,
			);
			mainGroup = B4275CE019E6A28500CBAD47;
			productRefGroup = B4275CEA19E6A28500CBAD47 /* Products */;
			projectDirPath = "";
			projectRoot = "";
			targets = (
				B4275CE819E6A28500CBAD47 /* sample */,
			);
		};
/* End PBXProject section */

/* Begin PBXSourcesBuildPhase section */
		B4275CE519E6A28500CBAD47 /* Sources */ = {
			isa = PBXSourcesBuildPhase;
			buildActionMask = 2147483647;
			files = (
				B4275CFA19E6B32F00CBAD47 /* Display.cpp in Sources */,
				B4275CED19E6A28500CBAD47 /* main.cpp in Sources */,
				B4275CFD19E6B37800CBAD47 /* BasicGeom.cpp in Sources */,
				B4A954A519F4F5DC0085AE6D /* Obj.cpp in Sources */,
			);
			runOnlyForDeploymentPostprocessing = 0;
		};
/* End PBXSourcesBuildPhase section */

/* Begin XCBuildConfiguration section */
		B4275CEE19E6A28500CBAD47 /* Debug */ = {
			isa = XCBuildConfiguration;
			buildSettings = {
				ALWAYS_SEARCH_USER_PATHS = NO;
				CLANG_CXX_LANGUAGE_STANDARD = "gnu++0x";
				CLANG_CXX_LIBRARY = "libc++";
				CLANG_ENABLE_MODULES = YES;
				CLANG_ENABLE_OBJC_ARC = YES;
				CLANG_WARN_BOOL_CONVERSION = YES;
				CLANG_WARN_CONSTANT_CONVERSION = YES;
				CLANG_WARN_DIRECT_OBJC_ISA_USAGE = YES_ERROR;
				CLANG_WARN_EMPTY_BODY = YES;
				CLANG_WARN_ENUM_CONVERSION = YES;
				CLANG_WARN_INT_CONVERSION = YES;
				CLANG_WARN_OBJC_ROOT_CLASS = YES_ERROR;
				CLANG_WARN_UNREACHABLE_CODE = YES;
				CLANG_WARN__DUPLICATE_METHOD_MATCH = YES;
				COPY_PHASE_STRIP = NO;
				ENABLE_STRICT_OBJC_MSGSEND = YES;
				GCC_C_LANGUAGE_STANDARD = gnu99;
				GCC_DYNAMIC_NO_PIC = NO;
				GCC_OPTIMIZATION_LEVEL = 0;
				GCC_PREPROCESSOR_DEFINITIONS = (
					"DEBUG=1",
					"$(inherited)",
				);
				GCC_SYMBOLS_PRIVATE_EXTERN = NO;
				GCC_WARN_64_TO_32_BIT_CONVERSION = YES;
				GCC_WARN_ABOUT_RETURN_TYPE = YES_ERROR;
				GCC_WARN_UNDECLARED_SELECTOR = YES;
				GCC_WARN_UNINITIALIZED_AUTOS = YES_AGGRESSIVE;
				GCC_WARN_UNUSED_FUNCTION = YES;
				GCC_WARN_UNUSED_VARIABLE = YES;
				MACOSX_DEPLOYMENT_TARGET = 10.9;
				MTL_ENABLE_DEBUG_INFO = YES;
				ONLY_ACTIVE_ARCH = YES;
				SDKROOT = macosx;
			};
			name = Debug;
		};
		B4275CEF19E6A28500CBAD47 /* Release */ = {
			isa = XCBuildConfiguration;
			buildSettings = {
				ALWAYS_SEARCH_USER_PATHS = NO;
				CLANG_CXX_LANGUAGE_STANDARD = "gnu++0x";
				CLANG_CXX_LIBRARY = "libc++";
				CLANG_ENABLE_MODULES = YES;
				CLANG_ENABLE_OBJC_ARC = YES;
				CLANG_WARN_BOOL_CONVERSION = YES;
				CLANG_WARN_CONSTANT_CONVERSION = YES;
				CLANG_WARN_DIRECT_OBJC_ISA_USAGE = YES_ERROR;
				CLANG_WARN_EMPTY_BODY = YES;
				CLANG_WARN_ENUM_CONVERSION = YES;
				CLANG_WARN_INT_CONVERSION = YES;
				CLANG_WARN_OBJC_ROOT_CLASS = YES_ERROR;
				CLANG_WARN_UNREACHABLE_CODE = YES;
				CLANG_WARN__DUPLICATE_METHOD_MATCH = YES;
				COPY_PHASE_STRIP = YES;
				DEBUG_INFORMATION_FORMAT = "dwarf-with-dsym";
				ENABLE_NS_ASSERTIONS = NO;
				ENABLE_STRICT_OBJC_MSGSEND = YES;
				GCC_C_LANGUAGE_STANDARD = gnu99;
				GCC_WARN_64_TO_32_BIT_CONVERSION = YES;
				GCC_WARN_ABOUT_RETURN_TYPE = YES_ERROR;
				GCC_WARN_UNDECLARED_SELECTOR = YES;
				GCC_WARN_UNINITIALIZED_AUTOS = YES_AGGRESSIVE;
				GCC_WARN_UNUSED_FUNCTION = YES;
				GCC_WARN_UNUSED_VARIABLE = YES;
				MACOSX_DEPLOYMENT_TARGET = 10.9;
				MTL_ENABLE_DEBUG_INFO = NO;
				SDKROOT = macosx;
			};
			name = Release;
		};
		B4275CF119E6A28500CBAD47 /* Debug */ = {
			isa = XCBuildConfiguration;
			buildSettings = {
				MACOSX_DEPLOYMENT_TARGET = 10.8;
				PRODUCT_NAME = "$(TARGET_NAME)";
			};
			name = Debug;
		};
		B4275CF219E6A28500CBAD47 /* Release */ = {
			isa = XCBuildConfiguration;
			buildSettings = {
				MACOSX_DEPLOYMENT_TARGET = 10.8;
				PRODUCT_NAME = "$(TARGET_NAME)";
			};
			name = Release;
		};
/* End XCBuildConfiguration section */

/* Begin XCConfigurationList section */
		B4275CE419E6A28500CBAD47 /* Build configuration list for PBXProject "sample" */ = {
			isa = XCConfigurationList;
			buildConfigurations = (
				B4275CEE19E6A28500CBAD47 /* Debug */,
				B4275CEF19E6A28500CBAD47 /* Release */,
			);
			defaultConfigurationIsVisible = 0;
			defaultConfigurationName = Release;
		};
		B4275CF019E6A28500CBAD47 /* Build configuration list for PBXNativeTarget "sample" */ = {
			isa = XCConfigurationList;
			buildConfigurations = (
				B4275CF119E6A28500CBAD47 /* Debug */,
				B4275CF219E6A28500CBAD47 /* Release */,
			);
			defaultConfigurationIsVisible = 0;
			defaultConfigurationName = Release;
		};
/* End XCConfigurationList section */
	};
	rootObject = B4275CE119E6A28500CBAD47 /* Project object */;
}
